
Microsoft Visual Studio Solution File, Format Version 12.00
# Visual Studio Version 17
VisualStudioVersion = 17.4.33213.308
MinimumVisualStudioVersion = 10.0.40219.1
Project("{9A19103F-16F7-4668-BE54-9A1E7A4F7556}") = "PlatformService", "PlatformService\PlatformService.csproj", "{6B1FEAAA-72C0-4222-9630-5D6E433753EB}"
EndProject
Project("{FAE04EC0-301F-11D3-BF4B-00C04F79EFBC}") = "CommandsService", "CommandsService\CommandsService.csproj", "{6744759E-6C22-44B6-98B4-B33E822B6C44}"
EndProject
Global
	GlobalSection(SolutionConfigurationPlatforms) = preSolution
		Debug|Any CPU = Debug|Any CPU
		Release|Any CPU = Release|Any CPU
	EndGlobalSection
	GlobalSection(ProjectConfigurationPlatforms) = postSolution
		{6B1FEAAA-72C0-4222-9630-5D6E433753EB}.Debug|Any CPU.ActiveCfg = Debug|Any CPU
		{6B1FEAAA-72C0-4222-9630-5D6E433753EB}.Debug|Any CPU.Build.0 = Debug|Any CPU
		{6B1FEAAA-72C0-4222-9630-5D6E433753EB}.Release|Any CPU.ActiveCfg = Release|Any CPU
		{6B1FEAAA-72C0-4222-9630-5D6E433753EB}.Release|Any CPU.Build.0 = Release|Any CPU
		{6744759E-6C22-44B6-98B4-B33E822B6C44}.Debug|Any CPU.ActiveCfg = Debug|Any CPU
		{6744759E-6C22-44B6-98B4-B33E822B6C44}.Debug|Any CPU.Build.0 = Debug|Any CPU
		{6744759E-6C22-44B6-98B4-B33E822B6C44}.Release|Any CPU.ActiveCfg = Release|Any CPU
		{6744759E-6C22-44B6-98B4-B33E822B6C44}.Release|Any CPU.Build.0 = Release|Any CPU
	EndGlobalSection
	GlobalSection(SolutionProperties) = preSolution
		HideSolutionNode = FALSE
	EndGlobalSection
	GlobalSection(ExtensibilityGlobals) = postSolution
		SolutionGuid = {5402AB30-EFB0-4158-969B-DA7E2232A4DA}
	EndGlobalSection
EndGlobal
